// !$*UTF8*$!
{
	archiveVersion = 1;
	classes = {
	};
	objectVersion = 56;
	objects = {

/* Begin PBXBuildFile section */
		EB5DAEAF2A51C5E200E15896 /* TangoTestView.swift in Sources */ = {isa = PBXBuildFile; fileRef = EB5DAEAE2A51C5E200E15896 /* TangoTestView.swift */; };
		EB5DAEB22A51C64700E15896 /* TangoDataElement.swift in Sources */ = {isa = PBXBuildFile; fileRef = EB5DAEB12A51C64600E15896 /* TangoDataElement.swift */; };
		EB5DAEB42A51C65C00E15896 /* TestType.swift in Sources */ = {isa = PBXBuildFile; fileRef = EB5DAEB32A51C65C00E15896 /* TestType.swift */; };
		EB5DAEB62A51C70300E15896 /* TangoParser.swift in Sources */ = {isa = PBXBuildFile; fileRef = EB5DAEB52A51C70300E15896 /* TangoParser.swift */; };
		EB6F5C082A51BE9A0010743D /* TangoTestKun2App.swift in Sources */ = {isa = PBXBuildFile; fileRef = EB6F5C072A51BE9A0010743D /* TangoTestKun2App.swift */; };
		EB6F5C0A2A51BE9A0010743D /* TangoTestKun2Document.swift in Sources */ = {isa = PBXBuildFile; fileRef = EB6F5C092A51BE9A0010743D /* TangoTestKun2Document.swift */; };
		EB6F5C0C2A51BE9A0010743D /* ContentView.swift in Sources */ = {isa = PBXBuildFile; fileRef = EB6F5C0B2A51BE9A0010743D /* ContentView.swift */; };
		EB6F5C0E2A51BE9F0010743D /* Assets.xcassets in Resources */ = {isa = PBXBuildFile; fileRef = EB6F5C0D2A51BE9F0010743D /* Assets.xcassets */; };
		EB6F5C132A51BE9F0010743D /* Preview Assets.xcassets in Resources */ = {isa = PBXBuildFile; fileRef = EB6F5C122A51BE9F0010743D /* Preview Assets.xcassets */; };
		EBDFE1F12A51CCB700159040 /* FileEditView.swift in Sources */ = {isa = PBXBuildFile; fileRef = EBDFE1F02A51CCB700159040 /* FileEditView.swift */; };
		EBDFE1F52A51FDCA00159040 /* TangoFile.swift in Sources */ = {isa = PBXBuildFile; fileRef = EBDFE1F42A51FDCA00159040 /* TangoFile.swift */; };
/* End PBXBuildFile section */

/* Begin PBXFileReference section */
		EB5DAEAE2A51C5E200E15896 /* TangoTestView.swift */ = {isa = PBXFileReference; lastKnownFileType = sourcecode.swift; path = TangoTestView.swift; sourceTree = "<group>"; };
		EB5DAEB12A51C64600E15896 /* TangoDataElement.swift */ = {isa = PBXFileReference; lastKnownFileType = sourcecode.swift; path = TangoDataElement.swift; sourceTree = "<group>"; };
		EB5DAEB32A51C65C00E15896 /* TestType.swift */ = {isa = PBXFileReference; lastKnownFileType = sourcecode.swift; path = TestType.swift; sourceTree = "<group>"; };
		EB5DAEB52A51C70300E15896 /* TangoParser.swift */ = {isa = PBXFileReference; lastKnownFileType = sourcecode.swift; path = TangoParser.swift; sourceTree = "<group>"; };
		EB6F5C042A51BE9A0010743D /* TangoTestKun2.app */ = {isa = PBXFileReference; explicitFileType = wrapper.application; includeInIndex = 0; path = TangoTestKun2.app; sourceTree = BUILT_PRODUCTS_DIR; };
		EB6F5C072A51BE9A0010743D /* TangoTestKun2App.swift */ = {isa = PBXFileReference; lastKnownFileType = sourcecode.swift; path = TangoTestKun2App.swift; sourceTree = "<group>"; };
		EB6F5C092A51BE9A0010743D /* TangoTestKun2Document.swift */ = {isa = PBXFileReference; lastKnownFileType = sourcecode.swift; path = TangoTestKun2Document.swift; sourceTree = "<group>"; };
		EB6F5C0B2A51BE9A0010743D /* ContentView.swift */ = {isa = PBXFileReference; lastKnownFileType = sourcecode.swift; path = ContentView.swift; sourceTree = "<group>"; };
		EB6F5C0D2A51BE9F0010743D /* Assets.xcassets */ = {isa = PBXFileReference; lastKnownFileType = folder.assetcatalog; path = Assets.xcassets; sourceTree = "<group>"; };
		EB6F5C0F2A51BE9F0010743D /* Info.plist */ = {isa = PBXFileReference; lastKnownFileType = text.plist.xml; path = Info.plist; sourceTree = "<group>"; };
		EB6F5C102A51BE9F0010743D /* TangoTestKun2.entitlements */ = {isa = PBXFileReference; lastKnownFileType = text.plist.entitlements; path = TangoTestKun2.entitlements; sourceTree = "<group>"; };
		EB6F5C122A51BE9F0010743D /* Preview Assets.xcassets */ = {isa = PBXFileReference; lastKnownFileType = folder.assetcatalog; path = "Preview Assets.xcassets"; sourceTree = "<group>"; };
		EBDFE1F02A51CCB700159040 /* FileEditView.swift */ = {isa = PBXFileReference; lastKnownFileType = sourcecode.swift; path = FileEditView.swift; sourceTree = "<group>"; };
		EBDFE1F42A51FDCA00159040 /* TangoFile.swift */ = {isa = PBXFileReference; lastKnownFileType = sourcecode.swift; path = TangoFile.swift; sourceTree = "<group>"; };
/* End PBXFileReference section */

/* Begin PBXFrameworksBuildPhase section */
		EB6F5C012A51BE9A0010743D /* Frameworks */ = {
			isa = PBXFrameworksBuildPhase;
			buildActionMask = 2147483647;
			files = (
			);
			runOnlyForDeploymentPostprocessing = 0;
		};
/* End PBXFrameworksBuildPhase section */

/* Begin PBXGroup section */
		EB5DAEB02A51C60000E15896 /* Model */ = {
			isa = PBXGroup;
			children = (
				EBDFE1F42A51FDCA00159040 /* TangoFile.swift */,
				EB5DAEB12A51C64600E15896 /* TangoDataElement.swift */,
			);
			path = Model;
			sourceTree = "<group>";
		};
		EB5DAEB72A51C71100E15896 /* Other */ = {
			isa = PBXGroup;
			children = (
				EB5DAEB32A51C65C00E15896 /* TestType.swift */,
				EB5DAEB52A51C70300E15896 /* TangoParser.swift */,
			);
			path = Other;
			sourceTree = "<group>";
		};
		EB5DAEB82A51C94400E15896 /* View */ = {
			isa = PBXGroup;
			children = (
				EB6F5C0B2A51BE9A0010743D /* ContentView.swift */,
				EB5DAEAE2A51C5E200E15896 /* TangoTestView.swift */,
				EBDFE1F02A51CCB700159040 /* FileEditView.swift */,
			);
			path = View;
			sourceTree = "<group>";
		};
		EB6F5BFB2A51BE990010743D = {
			isa = PBXGroup;
			children = (
				EB6F5C062A51BE9A0010743D /* TangoTestKun2 */,
				EB6F5C052A51BE9A0010743D /* Products */,
			);
			sourceTree = "<group>";
		};
		EB6F5C052A51BE9A0010743D /* Products */ = {
			isa = PBXGroup;
			children = (
				EB6F5C042A51BE9A0010743D /* TangoTestKun2.app */,
			);
			name = Products;
			sourceTree = "<group>";
		};
		EB6F5C062A51BE9A0010743D /* TangoTestKun2 */ = {
			isa = PBXGroup;
			children = (
				EB6F5C072A51BE9A0010743D /* TangoTestKun2App.swift */,
				EB6F5C092A51BE9A0010743D /* TangoTestKun2Document.swift */,
				EB5DAEB82A51C94400E15896 /* View */,
				EB5DAEB02A51C60000E15896 /* Model */,
				EB5DAEB72A51C71100E15896 /* Other */,
				EB6F5C0D2A51BE9F0010743D /* Assets.xcassets */,
				EB6F5C0F2A51BE9F0010743D /* Info.plist */,
				EB6F5C102A51BE9F0010743D /* TangoTestKun2.entitlements */,
				EB6F5C112A51BE9F0010743D /* Preview Content */,
			);
			path = TangoTestKun2;
			sourceTree = "<group>";
		};
		EB6F5C112A51BE9F0010743D /* Preview Content */ = {
			isa = PBXGroup;
			children = (
				EB6F5C122A51BE9F0010743D /* Preview Assets.xcassets */,
			);
			path = "Preview Content";
			sourceTree = "<group>";
		};
/* End PBXGroup section */

/* Begin PBXNativeTarget section */
		EB6F5C032A51BE9A0010743D /* TangoTestKun2 */ = {
			isa = PBXNativeTarget;
			buildConfigurationList = EB6F5C162A51BE9F0010743D /* Build configuration list for PBXNativeTarget "TangoTestKun2" */;
			buildPhases = (
				EB6F5C002A51BE9A0010743D /* Sources */,
				EB6F5C012A51BE9A0010743D /* Frameworks */,
				EB6F5C022A51BE9A0010743D /* Resources */,
			);
			buildRules = (
			);
			dependencies = (
			);
			name = TangoTestKun2;
			productName = TangoTestKun2;
			productReference = EB6F5C042A51BE9A0010743D /* TangoTestKun2.app */;
			productType = "com.apple.product-type.application";
		};
/* End PBXNativeTarget section */

/* Begin PBXProject section */
		EB6F5BFC2A51BE990010743D /* Project object */ = {
			isa = PBXProject;
			attributes = {
				BuildIndependentTargetsInParallel = 1;
				LastSwiftUpdateCheck = 1430;
				LastUpgradeCheck = 1430;
				TargetAttributes = {
					EB6F5C032A51BE9A0010743D = {
						CreatedOnToolsVersion = 14.3.1;
					};
				};
			};
			buildConfigurationList = EB6F5BFF2A51BE9A0010743D /* Build configuration list for PBXProject "TangoTestKun2" */;
			compatibilityVersion = "Xcode 14.0";
			developmentRegion = en;
			hasScannedForEncodings = 0;
			knownRegions = (
				en,
				Base,
			);
			mainGroup = EB6F5BFB2A51BE990010743D;
			productRefGroup = EB6F5C052A51BE9A0010743D /* Products */;
			projectDirPath = "";
			projectRoot = "";
			targets = (
				EB6F5C032A51BE9A0010743D /* TangoTestKun2 */,
			);
		};
/* End PBXProject section */

/* Begin PBXResourcesBuildPhase section */
		EB6F5C022A51BE9A0010743D /* Resources */ = {
			isa = PBXResourcesBuildPhase;
			buildActionMask = 2147483647;
			files = (
				EB6F5C132A51BE9F0010743D /* Preview Assets.xcassets in Resources */,
				EB6F5C0E2A51BE9F0010743D /* Assets.xcassets in Resources */,
			);
			runOnlyForDeploymentPostprocessing = 0;
		};
/* End PBXResourcesBuildPhase section */

/* Begin PBXSourcesBuildPhase section */
		EB6F5C002A51BE9A0010743D /* Sources */ = {
			isa = PBXSourcesBuildPhase;
			buildActionMask = 2147483647;
			files = (
				EB5DAEB22A51C64700E15896 /* TangoDataElement.swift in Sources */,
				EB6F5C0A2A51BE9A0010743D /* TangoTestKun2Document.swift in Sources */,
				EB6F5C082A51BE9A0010743D /* TangoTestKun2App.swift in Sources */,
				EB5DAEB62A51C70300E15896 /* TangoParser.swift in Sources */,
				EB5DAEAF2A51C5E200E15896 /* TangoTestView.swift in Sources */,
				EB6F5C0C2A51BE9A0010743D /* ContentView.swift in Sources */,
				EBDFE1F12A51CCB700159040 /* FileEditView.swift in Sources */,
				EB5DAEB42A51C65C00E15896 /* TestType.swift in Sources */,
				EBDFE1F52A51FDCA00159040 /* TangoFile.swift in Sources */,
			);
			runOnlyForDeploymentPostprocessing = 0;
		};
/* End PBXSourcesBuildPhase section */

/* Begin XCBuildConfiguration section */
		EB6F5C142A51BE9F0010743D /* Debug */ = {
			isa = XCBuildConfiguration;
			buildSettings = {
				ALWAYS_SEARCH_USER_PATHS = NO;
				CLANG_ANALYZER_NONNULL = YES;
				CLANG_ANALYZER_NUMBER_OBJECT_CONVERSION = YES_AGGRESSIVE;
				CLANG_CXX_LANGUAGE_STANDARD = "gnu++20";
				CLANG_ENABLE_MODULES = YES;
				CLANG_ENABLE_OBJC_ARC = YES;
				CLANG_ENABLE_OBJC_WEAK = YES;
				CLANG_WARN_BLOCK_CAPTURE_AUTORELEASING = YES;
				CLANG_WARN_BOOL_CONVERSION = YES;
				CLANG_WARN_COMMA = YES;
				CLANG_WARN_CONSTANT_CONVERSION = YES;
				CLANG_WARN_DEPRECATED_OBJC_IMPLEMENTATIONS = YES;
				CLANG_WARN_DIRECT_OBJC_ISA_USAGE = YES_ERROR;
				CLANG_WARN_DOCUMENTATION_COMMENTS = YES;
				CLANG_WARN_EMPTY_BODY = YES;
				CLANG_WARN_ENUM_CONVERSION = YES;
				CLANG_WARN_INFINITE_RECURSION = YES;
				CLANG_WARN_INT_CONVERSION = YES;
				CLANG_WARN_NON_LITERAL_NULL_CONVERSION = YES;
				CLANG_WARN_OBJC_IMPLICIT_RETAIN_SELF = YES;
				CLANG_WARN_OBJC_LITERAL_CONVERSION = YES;
				CLANG_WARN_OBJC_ROOT_CLASS = YES_ERROR;
				CLANG_WARN_QUOTED_INCLUDE_IN_FRAMEWORK_HEADER = YES;
				CLANG_WARN_RANGE_LOOP_ANALYSIS = YES;
				CLANG_WARN_STRICT_PROTOTYPES = YES;
				CLANG_WARN_SUSPICIOUS_MOVE = YES;
				CLANG_WARN_UNGUARDED_AVAILABILITY = YES_AGGRESSIVE;
				CLANG_WARN_UNREACHABLE_CODE = YES;
				CLANG_WARN__DUPLICATE_METHOD_MATCH = YES;
				COPY_PHASE_STRIP = NO;
				DEBUG_INFORMATION_FORMAT = dwarf;
				ENABLE_STRICT_OBJC_MSGSEND = YES;
				ENABLE_TESTABILITY = YES;
				GCC_C_LANGUAGE_STANDARD = gnu11;
				GCC_DYNAMIC_NO_PIC = NO;
				GCC_NO_COMMON_BLOCKS = YES;
				GCC_OPTIMIZATION_LEVEL = 0;
				GCC_PREPROCESSOR_DEFINITIONS = (
					"DEBUG=1",
					"$(inherited)",
				);
				GCC_WARN_64_TO_32_BIT_CONVERSION = YES;
				GCC_WARN_ABOUT_RETURN_TYPE = YES_ERROR;
				GCC_WARN_UNDECLARED_SELECTOR = YES;
				GCC_WARN_UNINITIALIZED_AUTOS = YES_AGGRESSIVE;
				GCC_WARN_UNUSED_FUNCTION = YES;
				GCC_WARN_UNUSED_VARIABLE = YES;
				MTL_ENABLE_DEBUG_INFO = INCLUDE_SOURCE;
				MTL_FAST_MATH = YES;
				ONLY_ACTIVE_ARCH = YES;
				SWIFT_ACTIVE_COMPILATION_CONDITIONS = DEBUG;
				SWIFT_OPTIMIZATION_LEVEL = "-Onone";
			};
			name = Debug;
		};
		EB6F5C152A51BE9F0010743D /* Release */ = {
			isa = XCBuildConfiguration;
			buildSettings = {
				ALWAYS_SEARCH_USER_PATHS = NO;
				CLANG_ANALYZER_NONNULL = YES;
				CLANG_ANALYZER_NUMBER_OBJECT_CONVERSION = YES_AGGRESSIVE;
				CLANG_CXX_LANGUAGE_STANDARD = "gnu++20";
				CLANG_ENABLE_MODULES = YES;
				CLANG_ENABLE_OBJC_ARC = YES;
				CLANG_ENABLE_OBJC_WEAK = YES;
				CLANG_WARN_BLOCK_CAPTURE_AUTORELEASING = YES;
				CLANG_WARN_BOOL_CONVERSION = YES;
				CLANG_WARN_COMMA = YES;
				CLANG_WARN_CONSTANT_CONVERSION = YES;
				CLANG_WARN_DEPRECATED_OBJC_IMPLEMENTATIONS = YES;
				CLANG_WARN_DIRECT_OBJC_ISA_USAGE = YES_ERROR;
				CLANG_WARN_DOCUMENTATION_COMMENTS = YES;
				CLANG_WARN_EMPTY_BODY = YES;
				CLANG_WARN_ENUM_CONVERSION = YES;
				CLANG_WARN_INFINITE_RECURSION = YES;
				CLANG_WARN_INT_CONVERSION = YES;
				CLANG_WARN_NON_LITERAL_NULL_CONVERSION = YES;
				CLANG_WARN_OBJC_IMPLICIT_RETAIN_SELF = YES;
				CLANG_WARN_OBJC_LITERAL_CONVERSION = YES;
				CLANG_WARN_OBJC_ROOT_CLASS = YES_ERROR;
				CLANG_WARN_QUOTED_INCLUDE_IN_FRAMEWORK_HEADER = YES;
				CLANG_WARN_RANGE_LOOP_ANALYSIS = YES;
				CLANG_WARN_STRICT_PROTOTYPES = YES;
				CLANG_WARN_SUSPICIOUS_MOVE = YES;
				CLANG_WARN_UNGUARDED_AVAILABILITY = YES_AGGRESSIVE;
				CLANG_WARN_UNREACHABLE_CODE = YES;
				CLANG_WARN__DUPLICATE_METHOD_MATCH = YES;
				COPY_PHASE_STRIP = NO;
				DEBUG_INFORMATION_FORMAT = "dwarf-with-dsym";
				ENABLE_NS_ASSERTIONS = NO;
				ENABLE_STRICT_OBJC_MSGSEND = YES;
				GCC_C_LANGUAGE_STANDARD = gnu11;
				GCC_NO_COMMON_BLOCKS = YES;
				GCC_WARN_64_TO_32_BIT_CONVERSION = YES;
				GCC_WARN_ABOUT_RETURN_TYPE = YES_ERROR;
				GCC_WARN_UNDECLARED_SELECTOR = YES;
				GCC_WARN_UNINITIALIZED_AUTOS = YES_AGGRESSIVE;
				GCC_WARN_UNUSED_FUNCTION = YES;
				GCC_WARN_UNUSED_VARIABLE = YES;
				MTL_ENABLE_DEBUG_INFO = NO;
				MTL_FAST_MATH = YES;
				SWIFT_COMPILATION_MODE = wholemodule;
				SWIFT_OPTIMIZATION_LEVEL = "-O";
			};
			name = Release;
		};
		EB6F5C172A51BE9F0010743D /* Debug */ = {
			isa = XCBuildConfiguration;
			buildSettings = {
				ASSETCATALOG_COMPILER_APPICON_NAME = AppIcon;
				ASSETCATALOG_COMPILER_GLOBAL_ACCENT_COLOR_NAME = AccentColor;
				CODE_SIGN_ENTITLEMENTS = TangoTestKun2/TangoTestKun2.entitlements;
				CODE_SIGN_STYLE = Automatic;
				CURRENT_PROJECT_VERSION = 2;
				DEVELOPMENT_ASSET_PATHS = "\"TangoTestKun2/Preview Content\"";
				DEVELOPMENT_TEAM = VXRZ4F779B;
				ENABLE_HARDENED_RUNTIME = YES;
				ENABLE_PREVIEWS = YES;
				GENERATE_INFOPLIST_FILE = YES;
				INFOPLIST_FILE = TangoTestKun2/Info.plist;
				INFOPLIST_KEY_CFBundleDisplayName = "単語テストくん";
				"INFOPLIST_KEY_UIApplicationSceneManifest_Generation[sdk=iphoneos*]" = YES;
				"INFOPLIST_KEY_UIApplicationSceneManifest_Generation[sdk=iphonesimulator*]" = YES;
				"INFOPLIST_KEY_UIApplicationSupportsIndirectInputEvents[sdk=iphoneos*]" = YES;
				"INFOPLIST_KEY_UIApplicationSupportsIndirectInputEvents[sdk=iphonesimulator*]" = YES;
				"INFOPLIST_KEY_UILaunchScreen_Generation[sdk=iphoneos*]" = YES;
				"INFOPLIST_KEY_UILaunchScreen_Generation[sdk=iphonesimulator*]" = YES;
				"INFOPLIST_KEY_UIStatusBarStyle[sdk=iphoneos*]" = UIStatusBarStyleDefault;
				"INFOPLIST_KEY_UIStatusBarStyle[sdk=iphonesimulator*]" = UIStatusBarStyleDefault;
				INFOPLIST_KEY_UISupportedInterfaceOrientations_iPad = "UIInterfaceOrientationPortrait UIInterfaceOrientationPortraitUpsideDown UIInterfaceOrientationLandscapeLeft UIInterfaceOrientationLandscapeRight";
				INFOPLIST_KEY_UISupportedInterfaceOrientations_iPhone = "UIInterfaceOrientationPortrait UIInterfaceOrientationLandscapeLeft UIInterfaceOrientationLandscapeRight";
				"INFOPLIST_KEY_UISupportsDocumentBrowser[sdk=iphoneos*]" = YES;
				"INFOPLIST_KEY_UISupportsDocumentBrowser[sdk=iphonesimulator*]" = YES;
				IPHONEOS_DEPLOYMENT_TARGET = 16.0;
				LD_RUNPATH_SEARCH_PATHS = "@executable_path/Frameworks";
				"LD_RUNPATH_SEARCH_PATHS[sdk=macosx*]" = "@executable_path/../Frameworks";
				MACOSX_DEPLOYMENT_TARGET = 13.0;
				MARKETING_VERSION = "Alpha 1.0.1";
				PRODUCT_BUNDLE_IDENTIFIER = com.yu3san3.TangoTestKun2;
				PRODUCT_NAME = "$(TARGET_NAME)";
				SDKROOT = auto;
				SUPPORTED_PLATFORMS = "iphoneos iphonesimulator macosx";
				SUPPORTS_MACCATALYST = NO;
				SUPPORTS_MAC_DESIGNED_FOR_IPHONE_IPAD = NO;
				SWIFT_EMIT_LOC_STRINGS = YES;
				SWIFT_VERSION = 5.0;
				TARGETED_DEVICE_FAMILY = "1,2";
			};
			name = Debug;
		};
		EB6F5C182A51BE9F0010743D /* Release */ = {
			isa = XCBuildConfiguration;
			buildSettings = {
				ASSETCATALOG_COMPILER_APPICON_NAME = AppIcon;
				ASSETCATALOG_COMPILER_GLOBAL_ACCENT_COLOR_NAME = AccentColor;
				CODE_SIGN_ENTITLEMENTS = TangoTestKun2/TangoTestKun2.entitlements;
				CODE_SIGN_STYLE = Automatic;
				CURRENT_PROJECT_VERSION = 2;
				DEVELOPMENT_ASSET_PATHS = "\"TangoTestKun2/Preview Content\"";
				DEVELOPMENT_TEAM = VXRZ4F779B;
				ENABLE_HARDENED_RUNTIME = YES;
				ENABLE_PREVIEWS = YES;
				GENERATE_INFOPLIST_FILE = YES;
				INFOPLIST_FILE = TangoTestKun2/Info.plist;
				INFOPLIST_KEY_CFBundleDisplayName = "単語テストくん";
				"INFOPLIST_KEY_UIApplicationSceneManifest_Generation[sdk=iphoneos*]" = YES;
				"INFOPLIST_KEY_UIApplicationSceneManifest_Generation[sdk=iphonesimulator*]" = YES;
				"INFOPLIST_KEY_UIApplicationSupportsIndirectInputEvents[sdk=iphoneos*]" = YES;
				"INFOPLIST_KEY_UIApplicationSupportsIndirectInputEvents[sdk=iphonesimulator*]" = YES;
				"INFOPLIST_KEY_UILaunchScreen_Generation[sdk=iphoneos*]" = YES;
				"INFOPLIST_KEY_UILaunchScreen_Generation[sdk=iphonesimulator*]" = YES;
				"INFOPLIST_KEY_UIStatusBarStyle[sdk=iphoneos*]" = UIStatusBarStyleDefault;
				"INFOPLIST_KEY_UIStatusBarStyle[sdk=iphonesimulator*]" = UIStatusBarStyleDefault;
				INFOPLIST_KEY_UISupportedInterfaceOrientations_iPad = "UIInterfaceOrientationPortrait UIInterfaceOrientationPortraitUpsideDown UIInterfaceOrientationLandscapeLeft UIInterfaceOrientationLandscapeRight";
				INFOPLIST_KEY_UISupportedInterfaceOrientations_iPhone = "UIInterfaceOrientationPortrait UIInterfaceOrientationLandscapeLeft UIInterfaceOrientationLandscapeRight";
				"INFOPLIST_KEY_UISupportsDocumentBrowser[sdk=iphoneos*]" = YES;
				"INFOPLIST_KEY_UISupportsDocumentBrowser[sdk=iphonesimulator*]" = YES;
				IPHONEOS_DEPLOYMENT_TARGET = 16.0;
				LD_RUNPATH_SEARCH_PATHS = "@executable_path/Frameworks";
				"LD_RUNPATH_SEARCH_PATHS[sdk=macosx*]" = "@executable_path/../Frameworks";
				MACOSX_DEPLOYMENT_TARGET = 13.0;
				MARKETING_VERSION = "Alpha 1.0.1";
				PRODUCT_BUNDLE_IDENTIFIER = com.yu3san3.TangoTestKun2;
				PRODUCT_NAME = "$(TARGET_NAME)";
				SDKROOT = auto;
				SUPPORTED_PLATFORMS = "iphoneos iphonesimulator macosx";
				SUPPORTS_MACCATALYST = NO;
				SUPPORTS_MAC_DESIGNED_FOR_IPHONE_IPAD = NO;
				SWIFT_EMIT_LOC_STRINGS = YES;
				SWIFT_VERSION = 5.0;
				TARGETED_DEVICE_FAMILY = "1,2";
			};
			name = Release;
		};
/* End XCBuildConfiguration section */

/* Begin XCConfigurationList section */
		EB6F5BFF2A51BE9A0010743D /* Build configuration list for PBXProject "TangoTestKun2" */ = {
			isa = XCConfigurationList;
			buildConfigurations = (
				EB6F5C142A51BE9F0010743D /* Debug */,
				EB6F5C152A51BE9F0010743D /* Release */,
			);
			defaultConfigurationIsVisible = 0;
			defaultConfigurationName = Release;
		};
		EB6F5C162A51BE9F0010743D /* Build configuration list for PBXNativeTarget "TangoTestKun2" */ = {
			isa = XCConfigurationList;
			buildConfigurations = (
				EB6F5C172A51BE9F0010743D /* Debug */,
				EB6F5C182A51BE9F0010743D /* Release */,
			);
			defaultConfigurationIsVisible = 0;
			defaultConfigurationName = Release;
		};
/* End XCConfigurationList section */
	};
	rootObject = EB6F5BFC2A51BE990010743D /* Project object */;
}
